
Microsoft Visual Studio Solution File, Format Version 12.00
# Visual Studio Version 17
VisualStudioVersion = 17.6.33801.468
MinimumVisualStudioVersion = 10.0.40219.1
Project("{9A19103F-16F7-4668-BE54-9A1E7A4F7556}") = "Web", "Web.csproj", "{AACEBDF4-9ECB-4B87-9F89-CB56D4AA21FC}"
EndProject
Project("{9A19103F-16F7-4668-BE54-9A1E7A4F7556}") = "BusinessLogic", "..\BusinessLogic\BusinessLogic.csproj", "{98B78022-4620-44E4-826E-3CA9817590A4}"
EndProject
Project("{9A19103F-16F7-4668-BE54-9A1E7A4F7556}") = "DataAccess", "..\DataAccess\DataAccess.csproj", "{A64B40B2-E519-447D-81B6-1016271572AD}"
EndProject
Project("{9A19103F-16F7-4668-BE54-9A1E7A4F7556}") = "Models", "..\Models\Models.csproj", "{8814B78C-AD02-4359-BF50-6D496018C4A5}"
EndProject
Project("{FAE04EC0-301F-11D3-BF4B-00C04F79EFBC}") = "Web.Tests", "..\Web.Tests\Web.Tests.csproj", "{BC199537-ECBB-483C-834D-558665FC785F}"
EndProject
Global
	GlobalSection(SolutionConfigurationPlatforms) = preSolution
		Debug|Any CPU = Debug|Any CPU
		Release|Any CPU = Release|Any CPU
	EndGlobalSection
	GlobalSection(ProjectConfigurationPlatforms) = postSolution
		{AACEBDF4-9ECB-4B87-9F89-CB56D4AA21FC}.Debug|Any CPU.ActiveCfg = Debug|Any CPU
		{AACEBDF4-9ECB-4B87-9F89-CB56D4AA21FC}.Debug|Any CPU.Build.0 = Debug|Any CPU
		{AACEBDF4-9ECB-4B87-9F89-CB56D4AA21FC}.Release|Any CPU.ActiveCfg = Release|Any CPU
		{AACEBDF4-9ECB-4B87-9F89-CB56D4AA21FC}.Release|Any CPU.Build.0 = Release|Any CPU
		{98B78022-4620-44E4-826E-3CA9817590A4}.Debug|Any CPU.ActiveCfg = Debug|Any CPU
		{98B78022-4620-44E4-826E-3CA9817590A4}.Debug|Any CPU.Build.0 = Debug|Any CPU
		{98B78022-4620-44E4-826E-3CA9817590A4}.Release|Any CPU.ActiveCfg = Release|Any CPU
		{98B78022-4620-44E4-826E-3CA9817590A4}.Release|Any CPU.Build.0 = Release|Any CPU
		{A64B40B2-E519-447D-81B6-1016271572AD}.Debug|Any CPU.ActiveCfg = Debug|Any CPU
		{A64B40B2-E519-447D-81B6-1016271572AD}.Debug|Any CPU.Build.0 = Debug|Any CPU
		{A64B40B2-E519-447D-81B6-1016271572AD}.Release|Any CPU.ActiveCfg = Release|Any CPU
		{A64B40B2-E519-447D-81B6-1016271572AD}.Release|Any CPU.Build.0 = Release|Any CPU
		{8814B78C-AD02-4359-BF50-6D496018C4A5}.Debug|Any CPU.ActiveCfg = Debug|Any CPU
		{8814B78C-AD02-4359-BF50-6D496018C4A5}.Debug|Any CPU.Build.0 = Debug|Any CPU
		{8814B78C-AD02-4359-BF50-6D496018C4A5}.Release|Any CPU.ActiveCfg = Release|Any CPU
		{8814B78C-AD02-4359-BF50-6D496018C4A5}.Release|Any CPU.Build.0 = Release|Any CPU
		{BC199537-ECBB-483C-834D-558665FC785F}.Debug|Any CPU.ActiveCfg = Debug|Any CPU
		{BC199537-ECBB-483C-834D-558665FC785F}.Debug|Any CPU.Build.0 = Debug|Any CPU
		{BC199537-ECBB-483C-834D-558665FC785F}.Release|Any CPU.ActiveCfg = Release|Any CPU
		{BC199537-ECBB-483C-834D-558665FC785F}.Release|Any CPU.Build.0 = Release|Any CPU
	EndGlobalSection
	GlobalSection(SolutionProperties) = preSolution
		HideSolutionNode = FALSE
	EndGlobalSection
	GlobalSection(ExtensibilityGlobals) = postSolution
		SolutionGuid = {B9B30148-01E7-4E26-8C7C-A7D7FC92C7C0}
	EndGlobalSection
EndGlobal
